
Microsoft Visual Studio Solution File, Format Version 12.00
# Visual Studio Version 17
VisualStudioVersion = 17.11.35327.3
MinimumVisualStudioVersion = 10.0.40219.1
Project("{9A19103F-16F7-4668-BE54-9A1E7A4F7556}") = "MineSweeper", "MineSweeper\MineSweeper.csproj", "{04CB4450-868C-4188-A227-3E36EAD2D761}"
EndProject
Project("{9A19103F-16F7-4668-BE54-9A1E7A4F7556}") = "BL", "BL\BL.csproj", "{1E091395-BEA5-4F98-9AF1-2B4F169B075C}"
EndProject
Project("{9A19103F-16F7-4668-BE54-9A1E7A4F7556}") = "Models", "Models\Models.csproj", "{1AD7111E-8394-4DE5-96E3-927E83686E2B}"
EndProject
Project("{9A19103F-16F7-4668-BE54-9A1E7A4F7556}") = "DAL", "DAL\DAL.csproj", "{90002DB0-4229-4434-BFDB-3F4A28291564}"
EndProject
Project("{2150E333-8FDC-42A3-9474-1A3956D46DE8}") = "scripBD", "scripBD", "{105322E3-CD1D-48F6-8C19-26295B99D22E}"
	ProjectSection(SolutionItems) = preProject
		..\..\..\OneDrive\Documentos\SQL Server Management Studio\BuscaminasBD.sql = ..\..\..\OneDrive\Documentos\SQL Server Management Studio\BuscaminasBD.sql
	EndProjectSection
EndProject
Global
	GlobalSection(SolutionConfigurationPlatforms) = preSolution
		Debug|Any CPU = Debug|Any CPU
		Release|Any CPU = Release|Any CPU
	EndGlobalSection
	GlobalSection(ProjectConfigurationPlatforms) = postSolution
		{04CB4450-868C-4188-A227-3E36EAD2D761}.Debug|Any CPU.ActiveCfg = Debug|Any CPU
		{04CB4450-868C-4188-A227-3E36EAD2D761}.Debug|Any CPU.Build.0 = Debug|Any CPU
		{04CB4450-868C-4188-A227-3E36EAD2D761}.Debug|Any CPU.Deploy.0 = Debug|Any CPU
		{04CB4450-868C-4188-A227-3E36EAD2D761}.Release|Any CPU.ActiveCfg = Release|Any CPU
		{04CB4450-868C-4188-A227-3E36EAD2D761}.Release|Any CPU.Build.0 = Release|Any CPU
		{04CB4450-868C-4188-A227-3E36EAD2D761}.Release|Any CPU.Deploy.0 = Release|Any CPU
		{1E091395-BEA5-4F98-9AF1-2B4F169B075C}.Debug|Any CPU.ActiveCfg = Debug|Any CPU
		{1E091395-BEA5-4F98-9AF1-2B4F169B075C}.Debug|Any CPU.Build.0 = Debug|Any CPU
		{1E091395-BEA5-4F98-9AF1-2B4F169B075C}.Release|Any CPU.ActiveCfg = Release|Any CPU
		{1E091395-BEA5-4F98-9AF1-2B4F169B075C}.Release|Any CPU.Build.0 = Release|Any CPU
		{1AD7111E-8394-4DE5-96E3-927E83686E2B}.Debug|Any CPU.ActiveCfg = Debug|Any CPU
		{1AD7111E-8394-4DE5-96E3-927E83686E2B}.Debug|Any CPU.Build.0 = Debug|Any CPU
		{1AD7111E-8394-4DE5-96E3-927E83686E2B}.Release|Any CPU.ActiveCfg = Release|Any CPU
		{1AD7111E-8394-4DE5-96E3-927E83686E2B}.Release|Any CPU.Build.0 = Release|Any CPU
		{90002DB0-4229-4434-BFDB-3F4A28291564}.Debug|Any CPU.ActiveCfg = Debug|Any CPU
		{90002DB0-4229-4434-BFDB-3F4A28291564}.Debug|Any CPU.Build.0 = Debug|Any CPU
		{90002DB0-4229-4434-BFDB-3F4A28291564}.Release|Any CPU.ActiveCfg = Release|Any CPU
		{90002DB0-4229-4434-BFDB-3F4A28291564}.Release|Any CPU.Build.0 = Release|Any CPU
	EndGlobalSection
	GlobalSection(SolutionProperties) = preSolution
		HideSolutionNode = FALSE
	EndGlobalSection
	GlobalSection(ExtensibilityGlobals) = postSolution
		SolutionGuid = {7453298B-0A57-4996-A85C-4056FA63BA6E}
	EndGlobalSection
EndGlobal
